
Microsoft Visual Studio Solution File, Format Version 12.00
# Visual Studio Version 17
VisualStudioVersion = 17.8.34330.188
MinimumVisualStudioVersion = 10.0.40219.1
Project("{FAE04EC0-301F-11D3-BF4B-00C04F79EFBC}") = "FirmaSiparisYonetimSistemi", "FirmaSiparisYonetimSistemi\FirmaSiparisYonetimSistemi.csproj", "{A1CA20C7-4AEE-4371-9052-5C750485BB87}"
EndProject
Global
	GlobalSection(SolutionConfigurationPlatforms) = preSolution
		Debug|Any CPU = Debug|Any CPU
		Release|Any CPU = Release|Any CPU
	EndGlobalSection
	GlobalSection(ProjectConfigurationPlatforms) = postSolution
		{A1CA20C7-4AEE-4371-9052-5C750485BB87}.Debug|Any CPU.ActiveCfg = Debug|Any CPU
		{A1CA20C7-4AEE-4371-9052-5C750485BB87}.Debug|Any CPU.Build.0 = Debug|Any CPU
		{A1CA20C7-4AEE-4371-9052-5C750485BB87}.Release|Any CPU.ActiveCfg = Release|Any CPU
		{A1CA20C7-4AEE-4371-9052-5C750485BB87}.Release|Any CPU.Build.0 = Release|Any CPU
	EndGlobalSection
	GlobalSection(SolutionProperties) = preSolution
		HideSolutionNode = FALSE
	EndGlobalSection
	GlobalSection(ExtensibilityGlobals) = postSolution
		SolutionGuid = {511A7043-6099-4A46-BDEA-A246EBF4A7AF}
	EndGlobalSection
EndGlobal
